# THIS IS AN AUTOGENERATED FILE. DO NOT EDIT THIS FILE DIRECTLY.
# yarn lockfile v1


react-native-shake@^5.1.1:
  version "5.1.1"
  resolved "https://registry.yarnpkg.com/react-native-shake/-/react-native-shake-5.1.1.tgz#733657764b0395b26f26576bba51e2dcbcecfe89"
  integrity sha512-h6O8LnFd3LkvoYx7O0afM6rO9fDKomZ1EyomGgKRDyFhinxYIU7Z4uPYtwA4Z1Cd3frEEKTLNKHI1Eu0MOI3Yw==

react-native-torch@^1.2.0:
  version "1.2.0"
  resolved "https://registry.yarnpkg.com/react-native-torch/-/react-native-torch-1.2.0.tgz#e83303cc1be35f009d50728f775be1ff5d786203"
  integrity sha512-xyk6DC/JL/P8ozGZt+qXvfzK3QugxJjjPWZRUZ7xIfhbHxX44Kw0Afc9gxk9LhVKrAKfwtjGUJgcx9/4FNMGvA==
